// !$*UTF8*$!
{
	archiveVersion = 1;
	classes = {
	};
	objectVersion = 51;
	objects = {

/* Begin PBXBuildFile section */
		652CC54A26681665003B1DE8 /* EndPoints.swift in Sources */ = {isa = PBXBuildFile; fileRef = 652CC54926681665003B1DE8 /* EndPoints.swift */; };
		652CC54D266819DD003B1DE8 /* City.swift in Sources */ = {isa = PBXBuildFile; fileRef = 652CC54C266819DD003B1DE8 /* City.swift */; };
		652CC552266832BD003B1DE8 /* NetworkingProvider.swift in Sources */ = {isa = PBXBuildFile; fileRef = 652CC551266832BD003B1DE8 /* NetworkingProvider.swift */; };
		652CC56426685A63003B1DE8 /* Search.storyboard in Resources */ = {isa = PBXBuildFile; fileRef = 652CC56326685A63003B1DE8 /* Search.storyboard */; };
		652CC56826686160003B1DE8 /* SearchViewController.swift in Sources */ = {isa = PBXBuildFile; fileRef = 652CC56726686160003B1DE8 /* SearchViewController.swift */; };
		652CC56C26686E38003B1DE8 /* SearchTableViewCell.swift in Sources */ = {isa = PBXBuildFile; fileRef = 652CC56A26686E38003B1DE8 /* SearchTableViewCell.swift */; };
		652CC56D26686E38003B1DE8 /* SearchTableViewCell.xib in Resources */ = {isa = PBXBuildFile; fileRef = 652CC56B26686E38003B1DE8 /* SearchTableViewCell.xib */; };
		653169EC26687EDD00A53B98 /* ViewModelSearch.swift in Sources */ = {isa = PBXBuildFile; fileRef = 653169EB26687EDD00A53B98 /* ViewModelSearch.swift */; };
		65D1BDEF2667ECB300EB09C7 /* AppDelegate.swift in Sources */ = {isa = PBXBuildFile; fileRef = 65D1BDEE2667ECB300EB09C7 /* AppDelegate.swift */; };
		65D1BDF32667ECB300EB09C7 /* ViewController.swift in Sources */ = {isa = PBXBuildFile; fileRef = 65D1BDF22667ECB300EB09C7 /* ViewController.swift */; };
		65D1BDF82667ECB400EB09C7 /* Assets.xcassets in Resources */ = {isa = PBXBuildFile; fileRef = 65D1BDF72667ECB400EB09C7 /* Assets.xcassets */; };
		65D1BDFB2667ECB400EB09C7 /* LaunchScreen.storyboard in Resources */ = {isa = PBXBuildFile; fileRef = 65D1BDF92667ECB400EB09C7 /* LaunchScreen.storyboard */; };
		65FEF9DA266942C2007CE3BA /* Forecast.swift in Sources */ = {isa = PBXBuildFile; fileRef = 65FEF9D9266942C2007CE3BA /* Forecast.swift */; };
		65FEF9F02669B2FF007CE3BA /* ForecastCityViewController.swift in Sources */ = {isa = PBXBuildFile; fileRef = 65FEF9EF2669B2FF007CE3BA /* ForecastCityViewController.swift */; };
		FFD4C64AE45FB6C0122C50BD /* Pods_WeatherIn.framework in Frameworks */ = {isa = PBXBuildFile; fileRef = 065898D6011B78EF7C738534 /* Pods_WeatherIn.framework */; };
/* End PBXBuildFile section */

/* Begin PBXFileReference section */
		065898D6011B78EF7C738534 /* Pods_WeatherIn.framework */ = {isa = PBXFileReference; explicitFileType = wrapper.framework; includeInIndex = 0; path = Pods_WeatherIn.framework; sourceTree = BUILT_PRODUCTS_DIR; };
		0662CFBC4AFD59D35F39C140 /* Pods-WeatherIn.debug.xcconfig */ = {isa = PBXFileReference; includeInIndex = 1; lastKnownFileType = text.xcconfig; name = "Pods-WeatherIn.debug.xcconfig"; path = "Target Support Files/Pods-WeatherIn/Pods-WeatherIn.debug.xcconfig"; sourceTree = "<group>"; };
		4B93F86013D838710A92D7E6 /* Pods-WeatherIn.release.xcconfig */ = {isa = PBXFileReference; includeInIndex = 1; lastKnownFileType = text.xcconfig; name = "Pods-WeatherIn.release.xcconfig"; path = "Target Support Files/Pods-WeatherIn/Pods-WeatherIn.release.xcconfig"; sourceTree = "<group>"; };
		652CC54926681665003B1DE8 /* EndPoints.swift */ = {isa = PBXFileReference; lastKnownFileType = sourcecode.swift; path = EndPoints.swift; sourceTree = "<group>"; };
		652CC54C266819DD003B1DE8 /* City.swift */ = {isa = PBXFileReference; lastKnownFileType = sourcecode.swift; path = City.swift; sourceTree = "<group>"; };
		652CC551266832BD003B1DE8 /* NetworkingProvider.swift */ = {isa = PBXFileReference; lastKnownFileType = sourcecode.swift; path = NetworkingProvider.swift; sourceTree = "<group>"; };
		652CC56326685A63003B1DE8 /* Search.storyboard */ = {isa = PBXFileReference; lastKnownFileType = file.storyboard; path = Search.storyboard; sourceTree = "<group>"; };
		652CC56726686160003B1DE8 /* SearchViewController.swift */ = {isa = PBXFileReference; lastKnownFileType = sourcecode.swift; path = SearchViewController.swift; sourceTree = "<group>"; };
		652CC56A26686E38003B1DE8 /* SearchTableViewCell.swift */ = {isa = PBXFileReference; lastKnownFileType = sourcecode.swift; path = SearchTableViewCell.swift; sourceTree = "<group>"; };
		652CC56B26686E38003B1DE8 /* SearchTableViewCell.xib */ = {isa = PBXFileReference; lastKnownFileType = file.xib; path = SearchTableViewCell.xib; sourceTree = "<group>"; };
		653169EB26687EDD00A53B98 /* ViewModelSearch.swift */ = {isa = PBXFileReference; lastKnownFileType = sourcecode.swift; path = ViewModelSearch.swift; sourceTree = "<group>"; };
		65D1BDEB2667ECB300EB09C7 /* WeatherIn.app */ = {isa = PBXFileReference; explicitFileType = wrapper.application; includeInIndex = 0; path = WeatherIn.app; sourceTree = BUILT_PRODUCTS_DIR; };
		65D1BDEE2667ECB300EB09C7 /* AppDelegate.swift */ = {isa = PBXFileReference; lastKnownFileType = sourcecode.swift; path = AppDelegate.swift; sourceTree = "<group>"; };
		65D1BDF22667ECB300EB09C7 /* ViewController.swift */ = {isa = PBXFileReference; lastKnownFileType = sourcecode.swift; path = ViewController.swift; sourceTree = "<group>"; };
		65D1BDF72667ECB400EB09C7 /* Assets.xcassets */ = {isa = PBXFileReference; lastKnownFileType = folder.assetcatalog; path = Assets.xcassets; sourceTree = "<group>"; };
		65D1BDFA2667ECB400EB09C7 /* Base */ = {isa = PBXFileReference; lastKnownFileType = file.storyboard; name = Base; path = Base.lproj/LaunchScreen.storyboard; sourceTree = "<group>"; };
		65D1BDFC2667ECB400EB09C7 /* Info.plist */ = {isa = PBXFileReference; lastKnownFileType = text.plist.xml; path = Info.plist; sourceTree = "<group>"; };
		65FEF9D9266942C2007CE3BA /* Forecast.swift */ = {isa = PBXFileReference; lastKnownFileType = sourcecode.swift; path = Forecast.swift; sourceTree = "<group>"; };
		65FEF9EF2669B2FF007CE3BA /* ForecastCityViewController.swift */ = {isa = PBXFileReference; lastKnownFileType = sourcecode.swift; path = ForecastCityViewController.swift; sourceTree = "<group>"; };
/* End PBXFileReference section */

/* Begin PBXFrameworksBuildPhase section */
		65D1BDE82667ECB300EB09C7 /* Frameworks */ = {
			isa = PBXFrameworksBuildPhase;
			buildActionMask = 2147483647;
			files = (
				FFD4C64AE45FB6C0122C50BD /* Pods_WeatherIn.framework in Frameworks */,
			);
			runOnlyForDeploymentPostprocessing = 0;
		};
/* End PBXFrameworksBuildPhase section */

/* Begin PBXGroup section */
		652CC54F26681A52003B1DE8 /* Models */ = {
			isa = PBXGroup;
			children = (
				652CC54926681665003B1DE8 /* EndPoints.swift */,
				652CC54C266819DD003B1DE8 /* City.swift */,
				65FEF9D9266942C2007CE3BA /* Forecast.swift */,
			);
			path = Models;
			sourceTree = "<group>";
		};
		652CC55026681A5D003B1DE8 /* Networking */ = {
			isa = PBXGroup;
			children = (
				652CC551266832BD003B1DE8 /* NetworkingProvider.swift */,
			);
			path = Networking;
			sourceTree = "<group>";
		};
		652CC55B26685539003B1DE8 /* Commons */ = {
			isa = PBXGroup;
			children = (
				65D1BDEE2667ECB300EB09C7 /* AppDelegate.swift */,
				65D1BDF22667ECB300EB09C7 /* ViewController.swift */,
				65D1BDF72667ECB400EB09C7 /* Assets.xcassets */,
				65D1BDF92667ECB400EB09C7 /* LaunchScreen.storyboard */,
			);
			path = Commons;
			sourceTree = "<group>";
		};
		652CC561266858F4003B1DE8 /* Modules */ = {
			isa = PBXGroup;
			children = (
				65FEF9DC266945B6007CE3BA /* Forecast */,
				652CC56226685A0B003B1DE8 /* Search */,
			);
			path = Modules;
			sourceTree = "<group>";
		};
		652CC56226685A0B003B1DE8 /* Search */ = {
			isa = PBXGroup;
			children = (
				6593495A266911B900186A22 /* ViewSearch */,
				6593495B266911F400186A22 /* ViewModelSearch */,
			);
			path = Search;
			sourceTree = "<group>";
		};
		652CC56F26686E51003B1DE8 /* Cell */ = {
			isa = PBXGroup;
			children = (
				652CC56B26686E38003B1DE8 /* SearchTableViewCell.xib */,
				652CC56A26686E38003B1DE8 /* SearchTableViewCell.swift */,
			);
			path = Cell;
			sourceTree = "<group>";
		};
		6593495A266911B900186A22 /* ViewSearch */ = {
			isa = PBXGroup;
			children = (
				652CC56F26686E51003B1DE8 /* Cell */,
				652CC56326685A63003B1DE8 /* Search.storyboard */,
				652CC56726686160003B1DE8 /* SearchViewController.swift */,
			);
			path = ViewSearch;
			sourceTree = "<group>";
		};
		6593495B266911F400186A22 /* ViewModelSearch */ = {
			isa = PBXGroup;
			children = (
				653169EB26687EDD00A53B98 /* ViewModelSearch.swift */,
			);
			path = ViewModelSearch;
			sourceTree = "<group>";
		};
		65D1BDE22667ECB300EB09C7 = {
			isa = PBXGroup;
			children = (
				65D1BDED2667ECB300EB09C7 /* WeatherIn */,
				65D1BDEC2667ECB300EB09C7 /* Products */,
				B3F7410AEC69E7DC009A0072 /* Pods */,
				A971FD4E86780E3FC5A3F25F /* Frameworks */,
			);
			sourceTree = "<group>";
		};
		65D1BDEC2667ECB300EB09C7 /* Products */ = {
			isa = PBXGroup;
			children = (
				65D1BDEB2667ECB300EB09C7 /* WeatherIn.app */,
			);
			name = Products;
			sourceTree = "<group>";
		};
		65D1BDED2667ECB300EB09C7 /* WeatherIn */ = {
			isa = PBXGroup;
			children = (
				652CC54F26681A52003B1DE8 /* Models */,
				652CC561266858F4003B1DE8 /* Modules */,
				652CC55B26685539003B1DE8 /* Commons */,
				652CC55026681A5D003B1DE8 /* Networking */,
				65D1BDFC2667ECB400EB09C7 /* Info.plist */,
			);
			path = WeatherIn;
			sourceTree = "<group>";
		};
		65FEF9DC266945B6007CE3BA /* Forecast */ = {
			isa = PBXGroup;
			children = (
				65FEF9E42669471C007CE3BA /* ViewModelForecast */,
				65FEF9E3266946EC007CE3BA /* ViewForecast */,
			);
			path = Forecast;
			sourceTree = "<group>";
		};
		65FEF9E3266946EC007CE3BA /* ViewForecast */ = {
			isa = PBXGroup;
			children = (
				65FEF9EF2669B2FF007CE3BA /* ForecastCityViewController.swift */,
			);
			path = ViewForecast;
			sourceTree = "<group>";
		};
		65FEF9E42669471C007CE3BA /* ViewModelForecast */ = {
			isa = PBXGroup;
			children = (
			);
			path = ViewModelForecast;
			sourceTree = "<group>";
		};
		A971FD4E86780E3FC5A3F25F /* Frameworks */ = {
			isa = PBXGroup;
			children = (
				065898D6011B78EF7C738534 /* Pods_WeatherIn.framework */,
			);
			name = Frameworks;
			sourceTree = "<group>";
		};
		B3F7410AEC69E7DC009A0072 /* Pods */ = {
			isa = PBXGroup;
			children = (
				0662CFBC4AFD59D35F39C140 /* Pods-WeatherIn.debug.xcconfig */,
				4B93F86013D838710A92D7E6 /* Pods-WeatherIn.release.xcconfig */,
			);
			path = Pods;
			sourceTree = "<group>";
		};
/* End PBXGroup section */

/* Begin PBXNativeTarget section */
		65D1BDEA2667ECB300EB09C7 /* WeatherIn */ = {
			isa = PBXNativeTarget;
			buildConfigurationList = 65D1BDFF2667ECB400EB09C7 /* Build configuration list for PBXNativeTarget "WeatherIn" */;
			buildPhases = (
				C78321C6263363FB9C750FE5 /* [CP] Check Pods Manifest.lock */,
				65D1BDE72667ECB300EB09C7 /* Sources */,
				65D1BDE82667ECB300EB09C7 /* Frameworks */,
				65D1BDE92667ECB300EB09C7 /* Resources */,
				AB228AC3B7F21E94377EF731 /* [CP] Embed Pods Frameworks */,
			);
			buildRules = (
			);
			dependencies = (
			);
			name = WeatherIn;
			productName = WeatherIn;
			productReference = 65D1BDEB2667ECB300EB09C7 /* WeatherIn.app */;
			productType = "com.apple.product-type.application";
		};
/* End PBXNativeTarget section */

/* Begin PBXProject section */
		65D1BDE32667ECB300EB09C7 /* Project object */ = {
			isa = PBXProject;
			attributes = {
				LastSwiftUpdateCheck = 1210;
				LastUpgradeCheck = 1210;
				TargetAttributes = {
					65D1BDEA2667ECB300EB09C7 = {
						CreatedOnToolsVersion = 12.1.1;
					};
				};
			};
			buildConfigurationList = 65D1BDE62667ECB300EB09C7 /* Build configuration list for PBXProject "WeatherIn" */;
			compatibilityVersion = "Xcode 9.3";
			developmentRegion = en;
			hasScannedForEncodings = 0;
			knownRegions = (
				en,
				Base,
			);
			mainGroup = 65D1BDE22667ECB300EB09C7;
			productRefGroup = 65D1BDEC2667ECB300EB09C7 /* Products */;
			projectDirPath = "";
			projectRoot = "";
			targets = (
				65D1BDEA2667ECB300EB09C7 /* WeatherIn */,
			);
		};
/* End PBXProject section */

/* Begin PBXResourcesBuildPhase section */
		65D1BDE92667ECB300EB09C7 /* Resources */ = {
			isa = PBXResourcesBuildPhase;
			buildActionMask = 2147483647;
			files = (
				65D1BDFB2667ECB400EB09C7 /* LaunchScreen.storyboard in Resources */,
				652CC56D26686E38003B1DE8 /* SearchTableViewCell.xib in Resources */,
				652CC56426685A63003B1DE8 /* Search.storyboard in Resources */,
				65D1BDF82667ECB400EB09C7 /* Assets.xcassets in Resources */,
			);
			runOnlyForDeploymentPostprocessing = 0;
		};
/* End PBXResourcesBuildPhase section */

/* Begin PBXShellScriptBuildPhase section */
		AB228AC3B7F21E94377EF731 /* [CP] Embed Pods Frameworks */ = {
			isa = PBXShellScriptBuildPhase;
			buildActionMask = 2147483647;
			files = (
			);
			inputFileListPaths = (
				"${PODS_ROOT}/Target Support Files/Pods-WeatherIn/Pods-WeatherIn-frameworks-${CONFIGURATION}-input-files.xcfilelist",
			);
			name = "[CP] Embed Pods Frameworks";
			outputFileListPaths = (
				"${PODS_ROOT}/Target Support Files/Pods-WeatherIn/Pods-WeatherIn-frameworks-${CONFIGURATION}-output-files.xcfilelist",
			);
			runOnlyForDeploymentPostprocessing = 0;
			shellPath = /bin/sh;
			shellScript = "\"${PODS_ROOT}/Target Support Files/Pods-WeatherIn/Pods-WeatherIn-frameworks.sh\"\n";
			showEnvVarsInLog = 0;
		};
		C78321C6263363FB9C750FE5 /* [CP] Check Pods Manifest.lock */ = {
			isa = PBXShellScriptBuildPhase;
			buildActionMask = 2147483647;
			files = (
			);
			inputFileListPaths = (
			);
			inputPaths = (
				"${PODS_PODFILE_DIR_PATH}/Podfile.lock",
				"${PODS_ROOT}/Manifest.lock",
			);
			name = "[CP] Check Pods Manifest.lock";
			outputFileListPaths = (
			);
			outputPaths = (
				"$(DERIVED_FILE_DIR)/Pods-WeatherIn-checkManifestLockResult.txt",
			);
			runOnlyForDeploymentPostprocessing = 0;
			shellPath = /bin/sh;
			shellScript = "diff \"${PODS_PODFILE_DIR_PATH}/Podfile.lock\" \"${PODS_ROOT}/Manifest.lock\" > /dev/null\nif [ $? != 0 ] ; then\n    # print error to STDERR\n    echo \"error: The sandbox is not in sync with the Podfile.lock. Run 'pod install' or update your CocoaPods installation.\" >&2\n    exit 1\nfi\n# This output is used by Xcode 'outputs' to avoid re-running this script phase.\necho \"SUCCESS\" > \"${SCRIPT_OUTPUT_FILE_0}\"\n";
			showEnvVarsInLog = 0;
		};
/* End PBXShellScriptBuildPhase section */

/* Begin PBXSourcesBuildPhase section */
		65D1BDE72667ECB300EB09C7 /* Sources */ = {
			isa = PBXSourcesBuildPhase;
			buildActionMask = 2147483647;
			files = (
				652CC56826686160003B1DE8 /* SearchViewController.swift in Sources */,
				65D1BDF32667ECB300EB09C7 /* ViewController.swift in Sources */,
				653169EC26687EDD00A53B98 /* ViewModelSearch.swift in Sources */,
				65FEF9F02669B2FF007CE3BA /* ForecastCityViewController.swift in Sources */,
				652CC54A26681665003B1DE8 /* EndPoints.swift in Sources */,
				65FEF9DA266942C2007CE3BA /* Forecast.swift in Sources */,
				652CC54D266819DD003B1DE8 /* City.swift in Sources */,
				652CC552266832BD003B1DE8 /* NetworkingProvider.swift in Sources */,
				65D1BDEF2667ECB300EB09C7 /* AppDelegate.swift in Sources */,
				652CC56C26686E38003B1DE8 /* SearchTableViewCell.swift in Sources */,
			);
			runOnlyForDeploymentPostprocessing = 0;
		};
/* End PBXSourcesBuildPhase section */

/* Begin PBXVariantGroup section */
		65D1BDF92667ECB400EB09C7 /* LaunchScreen.storyboard */ = {
			isa = PBXVariantGroup;
			children = (
				65D1BDFA2667ECB400EB09C7 /* Base */,
			);
			name = LaunchScreen.storyboard;
			sourceTree = "<group>";
		};
/* End PBXVariantGroup section */

/* Begin XCBuildConfiguration section */
		65D1BDFD2667ECB400EB09C7 /* Debug */ = {
			isa = XCBuildConfiguration;
			buildSettings = {
				ALWAYS_SEARCH_USER_PATHS = NO;
				CLANG_ANALYZER_NONNULL = YES;
				CLANG_ANALYZER_NUMBER_OBJECT_CONVERSION = YES_AGGRESSIVE;
				CLANG_CXX_LANGUAGE_STANDARD = "gnu++14";
				CLANG_CXX_LIBRARY = "libc++";
				CLANG_ENABLE_MODULES = YES;
				CLANG_ENABLE_OBJC_ARC = YES;
				CLANG_ENABLE_OBJC_WEAK = YES;
				CLANG_WARN_BLOCK_CAPTURE_AUTORELEASING = YES;
				CLANG_WARN_BOOL_CONVERSION = YES;
				CLANG_WARN_COMMA = YES;
				CLANG_WARN_CONSTANT_CONVERSION = YES;
				CLANG_WARN_DEPRECATED_OBJC_IMPLEMENTATIONS = YES;
				CLANG_WARN_DIRECT_OBJC_ISA_USAGE = YES_ERROR;
				CLANG_WARN_DOCUMENTATION_COMMENTS = YES;
				CLANG_WARN_EMPTY_BODY = YES;
				CLANG_WARN_ENUM_CONVERSION = YES;
				CLANG_WARN_INFINITE_RECURSION = YES;
				CLANG_WARN_INT_CONVERSION = YES;
				CLANG_WARN_NON_LITERAL_NULL_CONVERSION = YES;
				CLANG_WARN_OBJC_IMPLICIT_RETAIN_SELF = YES;
				CLANG_WARN_OBJC_LITERAL_CONVERSION = YES;
				CLANG_WARN_OBJC_ROOT_CLASS = YES_ERROR;
				CLANG_WARN_QUOTED_INCLUDE_IN_FRAMEWORK_HEADER = YES;
				CLANG_WARN_RANGE_LOOP_ANALYSIS = YES;
				CLANG_WARN_STRICT_PROTOTYPES = YES;
				CLANG_WARN_SUSPICIOUS_MOVE = YES;
				CLANG_WARN_UNGUARDED_AVAILABILITY = YES_AGGRESSIVE;
				CLANG_WARN_UNREACHABLE_CODE = YES;
				CLANG_WARN__DUPLICATE_METHOD_MATCH = YES;
				COPY_PHASE_STRIP = NO;
				DEBUG_INFORMATION_FORMAT = dwarf;
				ENABLE_STRICT_OBJC_MSGSEND = YES;
				ENABLE_TESTABILITY = YES;
				GCC_C_LANGUAGE_STANDARD = gnu11;
				GCC_DYNAMIC_NO_PIC = NO;
				GCC_NO_COMMON_BLOCKS = YES;
				GCC_OPTIMIZATION_LEVEL = 0;
				GCC_PREPROCESSOR_DEFINITIONS = (
					"DEBUG=1",
					"$(inherited)",
				);
				GCC_WARN_64_TO_32_BIT_CONVERSION = YES;
				GCC_WARN_ABOUT_RETURN_TYPE = YES_ERROR;
				GCC_WARN_UNDECLARED_SELECTOR = YES;
				GCC_WARN_UNINITIALIZED_AUTOS = YES_AGGRESSIVE;
				GCC_WARN_UNUSED_FUNCTION = YES;
				GCC_WARN_UNUSED_VARIABLE = YES;
				IPHONEOS_DEPLOYMENT_TARGET = 14.2;
				MTL_ENABLE_DEBUG_INFO = INCLUDE_SOURCE;
				MTL_FAST_MATH = YES;
				ONLY_ACTIVE_ARCH = YES;
				SDKROOT = iphoneos;
				SWIFT_ACTIVE_COMPILATION_CONDITIONS = DEBUG;
				SWIFT_OPTIMIZATION_LEVEL = "-Onone";
			};
			name = Debug;
		};
		65D1BDFE2667ECB400EB09C7 /* Release */ = {
			isa = XCBuildConfiguration;
			buildSettings = {
				ALWAYS_SEARCH_USER_PATHS = NO;
				CLANG_ANALYZER_NONNULL = YES;
				CLANG_ANALYZER_NUMBER_OBJECT_CONVERSION = YES_AGGRESSIVE;
				CLANG_CXX_LANGUAGE_STANDARD = "gnu++14";
				CLANG_CXX_LIBRARY = "libc++";
				CLANG_ENABLE_MODULES = YES;
				CLANG_ENABLE_OBJC_ARC = YES;
				CLANG_ENABLE_OBJC_WEAK = YES;
				CLANG_WARN_BLOCK_CAPTURE_AUTORELEASING = YES;
				CLANG_WARN_BOOL_CONVERSION = YES;
				CLANG_WARN_COMMA = YES;
				CLANG_WARN_CONSTANT_CONVERSION = YES;
				CLANG_WARN_DEPRECATED_OBJC_IMPLEMENTATIONS = YES;
				CLANG_WARN_DIRECT_OBJC_ISA_USAGE = YES_ERROR;
				CLANG_WARN_DOCUMENTATION_COMMENTS = YES;
				CLANG_WARN_EMPTY_BODY = YES;
				CLANG_WARN_ENUM_CONVERSION = YES;
				CLANG_WARN_INFINITE_RECURSION = YES;
				CLANG_WARN_INT_CONVERSION = YES;
				CLANG_WARN_NON_LITERAL_NULL_CONVERSION = YES;
				CLANG_WARN_OBJC_IMPLICIT_RETAIN_SELF = YES;
				CLANG_WARN_OBJC_LITERAL_CONVERSION = YES;
				CLANG_WARN_OBJC_ROOT_CLASS = YES_ERROR;
				CLANG_WARN_QUOTED_INCLUDE_IN_FRAMEWORK_HEADER = YES;
				CLANG_WARN_RANGE_LOOP_ANALYSIS = YES;
				CLANG_WARN_STRICT_PROTOTYPES = YES;
				CLANG_WARN_SUSPICIOUS_MOVE = YES;
				CLANG_WARN_UNGUARDED_AVAILABILITY = YES_AGGRESSIVE;
				CLANG_WARN_UNREACHABLE_CODE = YES;
				CLANG_WARN__DUPLICATE_METHOD_MATCH = YES;
				COPY_PHASE_STRIP = NO;
				DEBUG_INFORMATION_FORMAT = "dwarf-with-dsym";
				ENABLE_NS_ASSERTIONS = NO;
				ENABLE_STRICT_OBJC_MSGSEND = YES;
				GCC_C_LANGUAGE_STANDARD = gnu11;
				GCC_NO_COMMON_BLOCKS = YES;
				GCC_WARN_64_TO_32_BIT_CONVERSION = YES;
				GCC_WARN_ABOUT_RETURN_TYPE = YES_ERROR;
				GCC_WARN_UNDECLARED_SELECTOR = YES;
				GCC_WARN_UNINITIALIZED_AUTOS = YES_AGGRESSIVE;
				GCC_WARN_UNUSED_FUNCTION = YES;
				GCC_WARN_UNUSED_VARIABLE = YES;
				IPHONEOS_DEPLOYMENT_TARGET = 14.2;
				MTL_ENABLE_DEBUG_INFO = NO;
				MTL_FAST_MATH = YES;
				SDKROOT = iphoneos;
				SWIFT_COMPILATION_MODE = wholemodule;
				SWIFT_OPTIMIZATION_LEVEL = "-O";
				VALIDATE_PRODUCT = YES;
			};
			name = Release;
		};
		65D1BE002667ECB400EB09C7 /* Debug */ = {
			isa = XCBuildConfiguration;
			baseConfigurationReference = 0662CFBC4AFD59D35F39C140 /* Pods-WeatherIn.debug.xcconfig */;
			buildSettings = {
				ASSETCATALOG_COMPILER_APPICON_NAME = AppIcon;
				ASSETCATALOG_COMPILER_GLOBAL_ACCENT_COLOR_NAME = AccentColor;
				CODE_SIGN_STYLE = Automatic;
				DEVELOPMENT_TEAM = YR8ENK43BV;
				INFOPLIST_FILE = WeatherIn/Info.plist;
				IPHONEOS_DEPLOYMENT_TARGET = 11.0;
				LD_RUNPATH_SEARCH_PATHS = (
					"$(inherited)",
					"@executable_path/Frameworks",
				);
				PRODUCT_BUNDLE_IDENTIFIER = com.PosetoStudio.WeatherIn;
				PRODUCT_NAME = "$(TARGET_NAME)";
				SWIFT_VERSION = 5.0;
				TARGETED_DEVICE_FAMILY = 1;
			};
			name = Debug;
		};
		65D1BE012667ECB400EB09C7 /* Release */ = {
			isa = XCBuildConfiguration;
			baseConfigurationReference = 4B93F86013D838710A92D7E6 /* Pods-WeatherIn.release.xcconfig */;
			buildSettings = {
				ASSETCATALOG_COMPILER_APPICON_NAME = AppIcon;
				ASSETCATALOG_COMPILER_GLOBAL_ACCENT_COLOR_NAME = AccentColor;
				CODE_SIGN_STYLE = Automatic;
				DEVELOPMENT_TEAM = YR8ENK43BV;
				INFOPLIST_FILE = WeatherIn/Info.plist;
				IPHONEOS_DEPLOYMENT_TARGET = 11.0;
				LD_RUNPATH_SEARCH_PATHS = (
					"$(inherited)",
					"@executable_path/Frameworks",
				);
				PRODUCT_BUNDLE_IDENTIFIER = com.PosetoStudio.WeatherIn;
				PRODUCT_NAME = "$(TARGET_NAME)";
				SWIFT_VERSION = 5.0;
				TARGETED_DEVICE_FAMILY = 1;
			};
			name = Release;
		};
/* End XCBuildConfiguration section */

/* Begin XCConfigurationList section */
		65D1BDE62667ECB300EB09C7 /* Build configuration list for PBXProject "WeatherIn" */ = {
			isa = XCConfigurationList;
			buildConfigurations = (
				65D1BDFD2667ECB400EB09C7 /* Debug */,
				65D1BDFE2667ECB400EB09C7 /* Release */,
			);
			defaultConfigurationIsVisible = 0;
			defaultConfigurationName = Release;
		};
		65D1BDFF2667ECB400EB09C7 /* Build configuration list for PBXNativeTarget "WeatherIn" */ = {
			isa = XCConfigurationList;
			buildConfigurations = (
				65D1BE002667ECB400EB09C7 /* Debug */,
				65D1BE012667ECB400EB09C7 /* Release */,
			);
			defaultConfigurationIsVisible = 0;
			defaultConfigurationName = Release;
		};
/* End XCConfigurationList section */
	};
	rootObject = 65D1BDE32667ECB300EB09C7 /* Project object */;
}
